
Microsoft Visual Studio Solution File, Format Version 12.00
# Visual Studio 14
VisualStudioVersion = 14.0.24720.0
MinimumVisualStudioVersion = 10.0.40219.1
Project("{FAE04EC0-301F-11D3-BF4B-00C04F79EFBC}") = "ChemEngThermCal", "ChemEngThermCal\ChemEngThermCal.csproj", "{F6E8DB62-F33B-4AFD-818A-13AC94EA1204}"
EndProject
Project("{FAE04EC0-301F-11D3-BF4B-00C04F79EFBC}") = "ChemEngThermCal.Model", "ChemEngThermCal.Model\ChemEngThermCal.Model.csproj", "{00E87871-E8E0-422E-9CF7-12740A5FA392}"
EndProject
Project("{FAE04EC0-301F-11D3-BF4B-00C04F79EFBC}") = "ChemEngThermCal.Controls", "ChemEngThermCal.Controls\ChemEngThermCal.Controls.csproj", "{2FDAA66E-1E70-419A-B268-1DBABB80B2C2}"
EndProject
Global
	GlobalSection(SolutionConfigurationPlatforms) = preSolution
		Debug|Any CPU = Debug|Any CPU
		Release|Any CPU = Release|Any CPU
	EndGlobalSection
	GlobalSection(ProjectConfigurationPlatforms) = postSolution
		{F6E8DB62-F33B-4AFD-818A-13AC94EA1204}.Debug|Any CPU.ActiveCfg = Debug|Any CPU
		{F6E8DB62-F33B-4AFD-818A-13AC94EA1204}.Debug|Any CPU.Build.0 = Debug|Any CPU
		{F6E8DB62-F33B-4AFD-818A-13AC94EA1204}.Release|Any CPU.ActiveCfg = Release|Any CPU
		{F6E8DB62-F33B-4AFD-818A-13AC94EA1204}.Release|Any CPU.Build.0 = Release|Any CPU
		{00E87871-E8E0-422E-9CF7-12740A5FA392}.Debug|Any CPU.ActiveCfg = Debug|Any CPU
		{00E87871-E8E0-422E-9CF7-12740A5FA392}.Debug|Any CPU.Build.0 = Debug|Any CPU
		{00E87871-E8E0-422E-9CF7-12740A5FA392}.Release|Any CPU.ActiveCfg = Release|Any CPU
		{00E87871-E8E0-422E-9CF7-12740A5FA392}.Release|Any CPU.Build.0 = Release|Any CPU
		{2FDAA66E-1E70-419A-B268-1DBABB80B2C2}.Debug|Any CPU.ActiveCfg = Debug|Any CPU
		{2FDAA66E-1E70-419A-B268-1DBABB80B2C2}.Debug|Any CPU.Build.0 = Debug|Any CPU
		{2FDAA66E-1E70-419A-B268-1DBABB80B2C2}.Release|Any CPU.ActiveCfg = Release|Any CPU
		{2FDAA66E-1E70-419A-B268-1DBABB80B2C2}.Release|Any CPU.Build.0 = Release|Any CPU
	EndGlobalSection
	GlobalSection(SolutionProperties) = preSolution
		HideSolutionNode = FALSE
	EndGlobalSection
EndGlobal
